Microsoft Visual Studio Solution File, Format Version 12.00
# Visual Studio Version 17
VisualStudioVersion = 17.0.0.0
MinimumVisualStudioVersion = 17.0.0.0

Project("{9A19103F-16F7-4668-BE54-9A1E7A4F7556}") = "JustinaSimulation.Server", "Server\JustinaSimulation.Server.csproj", "{51CAFC37-A1FE-4C44-ADD0-854848BAF529}"
EndProject
Project("{9A19103F-16F7-4668-BE54-9A1E7A4F7556}") = "JustinaSimulation.Client", "Client\JustinaSimulation.Client.csproj", "{4B356646-7C6A-4FFE-A39E-306A3C173BE2}"
EndProject
EndProject
Global
	GlobalSection(SolutionConfigurationPlatforms) = preSolution
		Debug|Any CPU = Debug|Any CPU
		Release|Any CPU = Release|Any CPU
	EndGlobalSection
	GlobalSection(ProjectConfigurationPlatforms) = postSolution

		{4B356646-7C6A-4FFE-A39E-306A3C173BE2}.Debug|Any CPU.ActiveCfg = Debug|Any CPU
		{4B356646-7C6A-4FFE-A39E-306A3C173BE2}.Debug|Any CPU.Build.0 = Debug|Any CPU
		{4B356646-7C6A-4FFE-A39E-306A3C173BE2}.Release|Any CPU.ActiveCfg = Release|Any CPU
		{4B356646-7C6A-4FFE-A39E-306A3C173BE2}.Release|Any CPU.Build.0 = Release|Any CPU
		{51CAFC37-A1FE-4C44-ADD0-854848BAF529}.Debug|Any CPU.ActiveCfg = Debug|Any CPU
		{51CAFC37-A1FE-4C44-ADD0-854848BAF529}.Debug|Any CPU.Build.0 = Debug|Any CPU
		{51CAFC37-A1FE-4C44-ADD0-854848BAF529}.Release|Any CPU.ActiveCfg = Release|Any CPU
		{51CAFC37-A1FE-4C44-ADD0-854848BAF529}.Release|Any CPU.Build.0 = Release|Any CPU
	EndGlobalSection
	GlobalSection(SolutionProperties) = preSolution
		HideSolutionNode = FALSE
	EndGlobalSection
	GlobalSection(ExtensibilityGlobals) = postSolution
		SolutionGuid = {4DB2E093-44A1-4735-8F50-1C1916644620}
	EndGlobalSection
EndGlobal